
Microsoft Visual Studio Solution File, Format Version 12.00
# Visual Studio 15
VisualStudioVersion = 15.0.27428.2011
MinimumVisualStudioVersion = 10.0.40219.1
Project("{FAE04EC0-301F-11D3-BF4B-00C04F79EFBC}") = "Vision", "Vision\Vision.csproj", "{E3B30F60-0D18-4DB6-B79A-C5227B6C22A1}"
EndProject
Project("{FAE04EC0-301F-11D3-BF4B-00C04F79EFBC}") = "Test", "Test\Test.csproj", "{FF19D5A4-8D84-4AD8-8CF5-5B2EE0D9AE04}"
EndProject
Project("{9A19103F-16F7-4668-BE54-9A1E7A4F7556}") = "BoatInspectionService", "BoatInspectionService\BoatInspectionService.csproj", "{A87B4AE2-8E6B-46C0-985C-926F232FBB28}"
EndProject
Project("{9A19103F-16F7-4668-BE54-9A1E7A4F7556}") = "Repository", "Repository\Repository.csproj", "{F137BD25-47BF-4D1A-8A2F-EB45D0412E79}"
EndProject
Project("{FAE04EC0-301F-11D3-BF4B-00C04F79EFBC}") = "MVC", "MVC\MVC.csproj", "{1FEA7972-3A36-4EE7-ABFA-646279FC2C82}"
EndProject
Project("{FAE04EC0-301F-11D3-BF4B-00C04F79EFBC}") = "ConsoleApp1", "ConsoleApp1\ConsoleApp1.csproj", "{A0716D52-4A5A-48B1-9D1F-5FD52BB82C93}"
EndProject
Global
	GlobalSection(SolutionConfigurationPlatforms) = preSolution
		Debug|Any CPU = Debug|Any CPU
		Release|Any CPU = Release|Any CPU
	EndGlobalSection
	GlobalSection(ProjectConfigurationPlatforms) = postSolution
		{E3B30F60-0D18-4DB6-B79A-C5227B6C22A1}.Debug|Any CPU.ActiveCfg = Debug|Any CPU
		{E3B30F60-0D18-4DB6-B79A-C5227B6C22A1}.Debug|Any CPU.Build.0 = Debug|Any CPU
		{E3B30F60-0D18-4DB6-B79A-C5227B6C22A1}.Release|Any CPU.ActiveCfg = Release|Any CPU
		{E3B30F60-0D18-4DB6-B79A-C5227B6C22A1}.Release|Any CPU.Build.0 = Release|Any CPU
		{FF19D5A4-8D84-4AD8-8CF5-5B2EE0D9AE04}.Debug|Any CPU.ActiveCfg = Debug|Any CPU
		{FF19D5A4-8D84-4AD8-8CF5-5B2EE0D9AE04}.Debug|Any CPU.Build.0 = Debug|Any CPU
		{FF19D5A4-8D84-4AD8-8CF5-5B2EE0D9AE04}.Release|Any CPU.ActiveCfg = Release|Any CPU
		{FF19D5A4-8D84-4AD8-8CF5-5B2EE0D9AE04}.Release|Any CPU.Build.0 = Release|Any CPU
		{A87B4AE2-8E6B-46C0-985C-926F232FBB28}.Debug|Any CPU.ActiveCfg = Debug|Any CPU
		{A87B4AE2-8E6B-46C0-985C-926F232FBB28}.Debug|Any CPU.Build.0 = Debug|Any CPU
		{A87B4AE2-8E6B-46C0-985C-926F232FBB28}.Release|Any CPU.ActiveCfg = Release|Any CPU
		{A87B4AE2-8E6B-46C0-985C-926F232FBB28}.Release|Any CPU.Build.0 = Release|Any CPU
		{F137BD25-47BF-4D1A-8A2F-EB45D0412E79}.Debug|Any CPU.ActiveCfg = Debug|Any CPU
		{F137BD25-47BF-4D1A-8A2F-EB45D0412E79}.Debug|Any CPU.Build.0 = Debug|Any CPU
		{F137BD25-47BF-4D1A-8A2F-EB45D0412E79}.Release|Any CPU.ActiveCfg = Release|Any CPU
		{F137BD25-47BF-4D1A-8A2F-EB45D0412E79}.Release|Any CPU.Build.0 = Release|Any CPU
		{1FEA7972-3A36-4EE7-ABFA-646279FC2C82}.Debug|Any CPU.ActiveCfg = Debug|Any CPU
		{1FEA7972-3A36-4EE7-ABFA-646279FC2C82}.Debug|Any CPU.Build.0 = Debug|Any CPU
		{1FEA7972-3A36-4EE7-ABFA-646279FC2C82}.Release|Any CPU.ActiveCfg = Release|Any CPU
		{1FEA7972-3A36-4EE7-ABFA-646279FC2C82}.Release|Any CPU.Build.0 = Release|Any CPU
		{A0716D52-4A5A-48B1-9D1F-5FD52BB82C93}.Debug|Any CPU.ActiveCfg = Debug|Any CPU
		{A0716D52-4A5A-48B1-9D1F-5FD52BB82C93}.Debug|Any CPU.Build.0 = Debug|Any CPU
		{A0716D52-4A5A-48B1-9D1F-5FD52BB82C93}.Release|Any CPU.ActiveCfg = Release|Any CPU
		{A0716D52-4A5A-48B1-9D1F-5FD52BB82C93}.Release|Any CPU.Build.0 = Release|Any CPU
	EndGlobalSection
	GlobalSection(SolutionProperties) = preSolution
		HideSolutionNode = FALSE
	EndGlobalSection
	GlobalSection(ExtensibilityGlobals) = postSolution
		SolutionGuid = {008835C4-002E-428B-9932-33C24A5140B4}
	EndGlobalSection
EndGlobal
